
Microsoft Visual Studio Solution File, Format Version 12.00
# Visual Studio 2015
Project("{FAE04EC0-301F-11D3-BF4B-00C04F79EFBC}") = "UnityVS.Ludum Dare 33.CSharp.Plugins", "UnityVS.Ludum Dare 33.CSharp.Plugins.csproj", "{54A8AF3D-A256-F425-F822-24CE71BCAFD8}"
EndProject
Project("{FAE04EC0-301F-11D3-BF4B-00C04F79EFBC}") = "UnityVS.Ludum Dare 33.CSharp", "UnityVS.Ludum Dare 33.CSharp.csproj", "{63793736-23A2-CDEC-9618-528882C738A8}"
EndProject
Project("{FAE04EC0-301F-11D3-BF4B-00C04F79EFBC}") = "UnityVS.Ludum Dare 33.CSharp.Editor", "UnityVS.Ludum Dare 33.CSharp.Editor.csproj", "{17BF4906-83C8-9233-247F-D747EF6D9E85}"
EndProject
Global
	GlobalSection(SolutionConfigurationPlatforms) = preSolution
		Debug|Any CPU = Debug|Any CPU
		Release|Any CPU = Release|Any CPU
	EndGlobalSection
	GlobalSection(ProjectConfigurationPlatforms) = postSolution
		{54A8AF3D-A256-F425-F822-24CE71BCAFD8}.Debug|Any CPU.ActiveCfg = Debug|Any CPU
		{54A8AF3D-A256-F425-F822-24CE71BCAFD8}.Debug|Any CPU.Build.0 = Debug|Any CPU
		{54A8AF3D-A256-F425-F822-24CE71BCAFD8}.Release|Any CPU.ActiveCfg = Release|Any CPU
		{54A8AF3D-A256-F425-F822-24CE71BCAFD8}.Release|Any CPU.Build.0 = Release|Any CPU
		{63793736-23A2-CDEC-9618-528882C738A8}.Debug|Any CPU.ActiveCfg = Debug|Any CPU
		{63793736-23A2-CDEC-9618-528882C738A8}.Debug|Any CPU.Build.0 = Debug|Any CPU
		{63793736-23A2-CDEC-9618-528882C738A8}.Release|Any CPU.ActiveCfg = Release|Any CPU
		{63793736-23A2-CDEC-9618-528882C738A8}.Release|Any CPU.Build.0 = Release|Any CPU
		{17BF4906-83C8-9233-247F-D747EF6D9E85}.Debug|Any CPU.ActiveCfg = Debug|Any CPU
		{17BF4906-83C8-9233-247F-D747EF6D9E85}.Debug|Any CPU.Build.0 = Debug|Any CPU
		{17BF4906-83C8-9233-247F-D747EF6D9E85}.Release|Any CPU.ActiveCfg = Release|Any CPU
		{17BF4906-83C8-9233-247F-D747EF6D9E85}.Release|Any CPU.Build.0 = Release|Any CPU
	EndGlobalSection
	GlobalSection(SolutionProperties) = preSolution
		HideSolutionNode = FALSE
	EndGlobalSection
EndGlobal
